
Microsoft Visual Studio Solution File, Format Version 12.00
# Visual Studio Version 17
VisualStudioVersion = 17.9.34728.123
MinimumVisualStudioVersion = 10.0.40219.1
Project("{9A19103F-16F7-4668-BE54-9A1E7A4F7556}") = "ejercicios_razor_pages", "ejercicios_razor_pages\ejercicios_razor_pages.csproj", "{B35AD2CC-E4ED-41FF-8A6B-DEA7AD8AAE47}"
EndProject
Global
	GlobalSection(SolutionConfigurationPlatforms) = preSolution
		Debug|Any CPU = Debug|Any CPU
		Release|Any CPU = Release|Any CPU
	EndGlobalSection
	GlobalSection(ProjectConfigurationPlatforms) = postSolution
		{B35AD2CC-E4ED-41FF-8A6B-DEA7AD8AAE47}.Debug|Any CPU.ActiveCfg = Debug|Any CPU
		{B35AD2CC-E4ED-41FF-8A6B-DEA7AD8AAE47}.Debug|Any CPU.Build.0 = Debug|Any CPU
		{B35AD2CC-E4ED-41FF-8A6B-DEA7AD8AAE47}.Release|Any CPU.ActiveCfg = Release|Any CPU
		{B35AD2CC-E4ED-41FF-8A6B-DEA7AD8AAE47}.Release|Any CPU.Build.0 = Release|Any CPU
	EndGlobalSection
	GlobalSection(SolutionProperties) = preSolution
		HideSolutionNode = FALSE
	EndGlobalSection
	GlobalSection(ExtensibilityGlobals) = postSolution
		SolutionGuid = {55135C18-60E1-4BC3-8B34-4E9843FF7824}
	EndGlobalSection
EndGlobal
